
Microsoft Visual Studio Solution File, Format Version 12.00
# Visual Studio Version 17
VisualStudioVersion = 17.0.31903.59
MinimumVisualStudioVersion = 10.0.40219.1
Project("{FAE04EC0-301F-11D3-BF4B-00C04F79EFBC}") = "AirAware.API", "AirAware.API\AirAware.API.csproj", "{51325432-DC28-4705-9CFE-600CB4BFFF80}"
EndProject
Project("{FAE04EC0-301F-11D3-BF4B-00C04F79EFBC}") = "AirAware.Weather", "AirAware.Weather\AirAware.Weather.csproj", "{A9998A0D-1DB2-480E-997F-8BDEF88FF49A}"
EndProject
Project("{FAE04EC0-301F-11D3-BF4B-00C04F79EFBC}") = "AirAware.Shared", "AirAware.Shared\AirAware.Shared.csproj", "{C7F2C11B-E7AC-49E1-80FD-E22AA3A8CEEA}"
EndProject
Global
	GlobalSection(SolutionConfigurationPlatforms) = preSolution
		Debug|Any CPU = Debug|Any CPU
		Release|Any CPU = Release|Any CPU
	EndGlobalSection
	GlobalSection(SolutionProperties) = preSolution
		HideSolutionNode = FALSE
	EndGlobalSection
	GlobalSection(ProjectConfigurationPlatforms) = postSolution
		{51325432-DC28-4705-9CFE-600CB4BFFF80}.Debug|Any CPU.ActiveCfg = Debug|Any CPU
		{51325432-DC28-4705-9CFE-600CB4BFFF80}.Debug|Any CPU.Build.0 = Debug|Any CPU
		{51325432-DC28-4705-9CFE-600CB4BFFF80}.Release|Any CPU.ActiveCfg = Release|Any CPU
		{51325432-DC28-4705-9CFE-600CB4BFFF80}.Release|Any CPU.Build.0 = Release|Any CPU
		{A9998A0D-1DB2-480E-997F-8BDEF88FF49A}.Debug|Any CPU.ActiveCfg = Debug|Any CPU
		{A9998A0D-1DB2-480E-997F-8BDEF88FF49A}.Debug|Any CPU.Build.0 = Debug|Any CPU
		{A9998A0D-1DB2-480E-997F-8BDEF88FF49A}.Release|Any CPU.ActiveCfg = Release|Any CPU
		{A9998A0D-1DB2-480E-997F-8BDEF88FF49A}.Release|Any CPU.Build.0 = Release|Any CPU
		{C7F2C11B-E7AC-49E1-80FD-E22AA3A8CEEA}.Debug|Any CPU.ActiveCfg = Debug|Any CPU
		{C7F2C11B-E7AC-49E1-80FD-E22AA3A8CEEA}.Debug|Any CPU.Build.0 = Debug|Any CPU
		{C7F2C11B-E7AC-49E1-80FD-E22AA3A8CEEA}.Release|Any CPU.ActiveCfg = Release|Any CPU
		{C7F2C11B-E7AC-49E1-80FD-E22AA3A8CEEA}.Release|Any CPU.Build.0 = Release|Any CPU
	EndGlobalSection
EndGlobal
